
Microsoft Visual Studio Solution File, Format Version 11.00
# Visual Studio 2010
Project("{FAE04EC0-301F-11D3-BF4B-00C04F79EFBC}") = "GenSharp", "GenSharp\GenSharp.csproj", "{F35D4BC6-B75E-4662-B830-39CED99D4D2A}"
EndProject
Project("{FAE04EC0-301F-11D3-BF4B-00C04F79EFBC}") = "GenSharp.Test.Acceptance", "GenSharp.Test.Acceptance\GenSharp.Test.Acceptance.csproj", "{0507285A-9560-45B7-9C2D-962D5900FE9B}"
EndProject
Project("{FAE04EC0-301F-11D3-BF4B-00C04F79EFBC}") = "GenSharp.Test.Unit", "GenSharp.Test.Unit\GenSharp.Test.Unit.csproj", "{878A434B-192D-4793-8378-BD9A6E45B481}"
EndProject
Global
	GlobalSection(SolutionConfigurationPlatforms) = preSolution
		Debug|Any CPU = Debug|Any CPU
		Debug|Mixed Platforms = Debug|Mixed Platforms
		Debug|x86 = Debug|x86
		Release|Any CPU = Release|Any CPU
		Release|Mixed Platforms = Release|Mixed Platforms
		Release|x86 = Release|x86
	EndGlobalSection
	GlobalSection(ProjectConfigurationPlatforms) = postSolution
		{F35D4BC6-B75E-4662-B830-39CED99D4D2A}.Debug|Any CPU.ActiveCfg = Debug|Any CPU
		{F35D4BC6-B75E-4662-B830-39CED99D4D2A}.Debug|Any CPU.Build.0 = Debug|Any CPU
		{F35D4BC6-B75E-4662-B830-39CED99D4D2A}.Debug|Mixed Platforms.ActiveCfg = Debug|Any CPU
		{F35D4BC6-B75E-4662-B830-39CED99D4D2A}.Debug|Mixed Platforms.Build.0 = Debug|Any CPU
		{F35D4BC6-B75E-4662-B830-39CED99D4D2A}.Debug|x86.ActiveCfg = Debug|Any CPU
		{F35D4BC6-B75E-4662-B830-39CED99D4D2A}.Release|Any CPU.ActiveCfg = Release|Any CPU
		{F35D4BC6-B75E-4662-B830-39CED99D4D2A}.Release|Any CPU.Build.0 = Release|Any CPU
		{F35D4BC6-B75E-4662-B830-39CED99D4D2A}.Release|Mixed Platforms.ActiveCfg = Release|Any CPU
		{F35D4BC6-B75E-4662-B830-39CED99D4D2A}.Release|Mixed Platforms.Build.0 = Release|Any CPU
		{F35D4BC6-B75E-4662-B830-39CED99D4D2A}.Release|x86.ActiveCfg = Release|Any CPU
		{0507285A-9560-45B7-9C2D-962D5900FE9B}.Debug|Any CPU.ActiveCfg = Debug|Any CPU
		{0507285A-9560-45B7-9C2D-962D5900FE9B}.Debug|Any CPU.Build.0 = Debug|Any CPU
		{0507285A-9560-45B7-9C2D-962D5900FE9B}.Debug|Mixed Platforms.ActiveCfg = Debug|Any CPU
		{0507285A-9560-45B7-9C2D-962D5900FE9B}.Debug|Mixed Platforms.Build.0 = Debug|Any CPU
		{0507285A-9560-45B7-9C2D-962D5900FE9B}.Debug|x86.ActiveCfg = Debug|Any CPU
		{0507285A-9560-45B7-9C2D-962D5900FE9B}.Release|Any CPU.ActiveCfg = Release|Any CPU
		{0507285A-9560-45B7-9C2D-962D5900FE9B}.Release|Any CPU.Build.0 = Release|Any CPU
		{0507285A-9560-45B7-9C2D-962D5900FE9B}.Release|Mixed Platforms.ActiveCfg = Release|Any CPU
		{0507285A-9560-45B7-9C2D-962D5900FE9B}.Release|Mixed Platforms.Build.0 = Release|Any CPU
		{0507285A-9560-45B7-9C2D-962D5900FE9B}.Release|x86.ActiveCfg = Release|Any CPU
		{878A434B-192D-4793-8378-BD9A6E45B481}.Debug|Any CPU.ActiveCfg = Debug|Any CPU
		{878A434B-192D-4793-8378-BD9A6E45B481}.Debug|Any CPU.Build.0 = Debug|Any CPU
		{878A434B-192D-4793-8378-BD9A6E45B481}.Debug|Mixed Platforms.ActiveCfg = Debug|Any CPU
		{878A434B-192D-4793-8378-BD9A6E45B481}.Debug|Mixed Platforms.Build.0 = Debug|Any CPU
		{878A434B-192D-4793-8378-BD9A6E45B481}.Debug|x86.ActiveCfg = Debug|Any CPU
		{878A434B-192D-4793-8378-BD9A6E45B481}.Release|Any CPU.ActiveCfg = Release|Any CPU
		{878A434B-192D-4793-8378-BD9A6E45B481}.Release|Any CPU.Build.0 = Release|Any CPU
		{878A434B-192D-4793-8378-BD9A6E45B481}.Release|Mixed Platforms.ActiveCfg = Release|Any CPU
		{878A434B-192D-4793-8378-BD9A6E45B481}.Release|Mixed Platforms.Build.0 = Release|Any CPU
		{878A434B-192D-4793-8378-BD9A6E45B481}.Release|x86.ActiveCfg = Release|Any CPU
	EndGlobalSection
	GlobalSection(SolutionProperties) = preSolution
		HideSolutionNode = FALSE
	EndGlobalSection
EndGlobal
